// !$*UTF8*$!
{
	archiveVersion = 1;
	classes = {
	};
	objectVersion = 50;
	objects = {

/* Begin PBXBuildFile section */
		DC20A9F3266BDDA3006689ED /* SearchTextField.swift in Sources */ = {isa = PBXBuildFile; fileRef = DC20A9F2266BDDA3006689ED /* SearchTextField.swift */; };
		DC20A9F5266BE0ED006689ED /* Montserrat-Regular.ttf in Resources */ = {isa = PBXBuildFile; fileRef = DC20A9F4266BE0ED006689ED /* Montserrat-Regular.ttf */; };
		DC24213926765F6300DED97D /* LocationCollectionViewCell.swift in Sources */ = {isa = PBXBuildFile; fileRef = DC24213826765F6300DED97D /* LocationCollectionViewCell.swift */; };
		DC24213D2676633000DED97D /* LocationData.swift in Sources */ = {isa = PBXBuildFile; fileRef = DC24213C2676633000DED97D /* LocationData.swift */; };
		DC2AB642267752F7007D9FF6 /* EndPoint.swift in Sources */ = {isa = PBXBuildFile; fileRef = DC2AB641267752F7007D9FF6 /* EndPoint.swift */; };
		DC2AB64526775B1A007D9FF6 /* NetworkManager.swift in Sources */ = {isa = PBXBuildFile; fileRef = DC2AB64426775B1A007D9FF6 /* NetworkManager.swift */; };
		DC2AB64726776E3F007D9FF6 /* UIImageView+Ext.swift in Sources */ = {isa = PBXBuildFile; fileRef = DC2AB64626776E3F007D9FF6 /* UIImageView+Ext.swift */; };
		DC2AB6492677B815007D9FF6 /* Assets.xcassets in Resources */ = {isa = PBXBuildFile; fileRef = DC2AB6482677B815007D9FF6 /* Assets.xcassets */; };
		DC2AB64B267BAACD007D9FF6 /* UserDefaultsManager.swift in Sources */ = {isa = PBXBuildFile; fileRef = DC2AB64A267BAACD007D9FF6 /* UserDefaultsManager.swift */; };
		DC2AB64E267BABFA007D9FF6 /* FilterUserDefaults.swift in Sources */ = {isa = PBXBuildFile; fileRef = DC2AB64D267BABFA007D9FF6 /* FilterUserDefaults.swift */; };
		DC2AB651267CAFB6007D9FF6 /* ErrorView.swift in Sources */ = {isa = PBXBuildFile; fileRef = DC2AB650267CAFB6007D9FF6 /* ErrorView.swift */; };
		DC2AB653267CC014007D9FF6 /* UIViewController+Ext.swift in Sources */ = {isa = PBXBuildFile; fileRef = DC2AB652267CC014007D9FF6 /* UIViewController+Ext.swift */; };
		DC2AB655267CDD3D007D9FF6 /* LocationViewController.swift in Sources */ = {isa = PBXBuildFile; fileRef = DC2AB654267CDD3D007D9FF6 /* LocationViewController.swift */; };
		DC2AB658267CDD89007D9FF6 /* LocationPresenter.swift in Sources */ = {isa = PBXBuildFile; fileRef = DC2AB657267CDD89007D9FF6 /* LocationPresenter.swift */; };
		DC4916DA266775160040C4A8 /* CharacterCollectionViewCell.swift in Sources */ = {isa = PBXBuildFile; fileRef = DC4916D9266775160040C4A8 /* CharacterCollectionViewCell.swift */; };
		DC4D2C322660DE68007EE95E /* ModuleBuilder.swift in Sources */ = {isa = PBXBuildFile; fileRef = DC4D2C312660DE68007EE95E /* ModuleBuilder.swift */; };
		DC4D2C342660E149007EE95E /* NavigationInfo.swift in Sources */ = {isa = PBXBuildFile; fileRef = DC4D2C332660E149007EE95E /* NavigationInfo.swift */; };
		DC4D2C3826611C6B007EE95E /* ThemesCollectionViewCell.swift in Sources */ = {isa = PBXBuildFile; fileRef = DC4D2C3726611C6B007EE95E /* ThemesCollectionViewCell.swift */; };
		DC4D2C3B266125CE007EE95E /* UIHelper.swift in Sources */ = {isa = PBXBuildFile; fileRef = DC4D2C3A266125CE007EE95E /* UIHelper.swift */; };
		DC4D2C3D266233D5007EE95E /* UICollectionCell+Ext.swift in Sources */ = {isa = PBXBuildFile; fileRef = DC4D2C3C266233D5007EE95E /* UICollectionCell+Ext.swift */; };
		DC4D2C4326624A27007EE95E /* CharacterViewController.swift in Sources */ = {isa = PBXBuildFile; fileRef = DC4D2C4226624A27007EE95E /* CharacterViewController.swift */; };
		DC4D2C4526624A35007EE95E /* CharacterPresenter.swift in Sources */ = {isa = PBXBuildFile; fileRef = DC4D2C4426624A35007EE95E /* CharacterPresenter.swift */; };
		DC4D2C4926627D70007EE95E /* CharactersData.swift in Sources */ = {isa = PBXBuildFile; fileRef = DC4D2C4826627D70007EE95E /* CharactersData.swift */; };
		DC694C38266CF1C90053754B /* DetailCharacterViewController.swift in Sources */ = {isa = PBXBuildFile; fileRef = DC694C37266CF1C90053754B /* DetailCharacterViewController.swift */; };
		DC694C3A266CF1D50053754B /* DetailCharacterPresenter.swift in Sources */ = {isa = PBXBuildFile; fileRef = DC694C39266CF1D50053754B /* DetailCharacterPresenter.swift */; };
		DC694C41266D0E8F0053754B /* DescriptionTableViewCell.swift in Sources */ = {isa = PBXBuildFile; fileRef = DC694C40266D0E8F0053754B /* DescriptionTableViewCell.swift */; };
		DC694C43266F57A80053754B /* FilterViewController.swift in Sources */ = {isa = PBXBuildFile; fileRef = DC694C42266F57A80053754B /* FilterViewController.swift */; };
		DC694C45266F57B40053754B /* FilterPresenter.swift in Sources */ = {isa = PBXBuildFile; fileRef = DC694C44266F57B40053754B /* FilterPresenter.swift */; };
		DC694C50266FB7380053754B /* FilterTableViewCell.swift in Sources */ = {isa = PBXBuildFile; fileRef = DC694C4F266FB7380053754B /* FilterTableViewCell.swift */; };
		DC694C58267108170053754B /* UICollectionView+Ext.swift in Sources */ = {isa = PBXBuildFile; fileRef = DC694C57267108170053754B /* UICollectionView+Ext.swift */; };
		DC694C5C267117A40053754B /* HeaderFilterView.swift in Sources */ = {isa = PBXBuildFile; fileRef = DC694C5B267117A40053754B /* HeaderFilterView.swift */; };
		DC694C5F26724EAD0053754B /* CustomButton.swift in Sources */ = {isa = PBXBuildFile; fileRef = DC694C5E26724EAD0053754B /* CustomButton.swift */; };
		DC694C6426751A750053754B /* LaunchPresenter.swift in Sources */ = {isa = PBXBuildFile; fileRef = DC694C6326751A750053754B /* LaunchPresenter.swift */; };
		DC694C6626751AB90053754B /* LaunchViewController.swift in Sources */ = {isa = PBXBuildFile; fileRef = DC694C6526751AB90053754B /* LaunchViewController.swift */; };
		DCF3149126550702003F0245 /* AppDelegate.swift in Sources */ = {isa = PBXBuildFile; fileRef = DCF3149026550702003F0245 /* AppDelegate.swift */; };
		DCF3149826550702003F0245 /* Main.storyboard in Resources */ = {isa = PBXBuildFile; fileRef = DCF3149626550702003F0245 /* Main.storyboard */; };
		DCF3149D2655070D003F0245 /* LaunchScreen.storyboard in Resources */ = {isa = PBXBuildFile; fileRef = DCF3149B2655070D003F0245 /* LaunchScreen.storyboard */; };
		DCF314A82655070D003F0245 /* RickAndMortyTests.swift in Sources */ = {isa = PBXBuildFile; fileRef = DCF314A72655070D003F0245 /* RickAndMortyTests.swift */; };
		DCF314B32655070E003F0245 /* RickAndMortyUITests.swift in Sources */ = {isa = PBXBuildFile; fileRef = DCF314B22655070E003F0245 /* RickAndMortyUITests.swift */; };
		DCF315182655297F003F0245 /* MainViewController.swift in Sources */ = {isa = PBXBuildFile; fileRef = DCF315172655297F003F0245 /* MainViewController.swift */; };
		DCF31598265539E3003F0245 /* CustomLabel.swift in Sources */ = {isa = PBXBuildFile; fileRef = DCF31597265539E3003F0245 /* CustomLabel.swift */; };
		DCF3159A26554525003F0245 /* Constants.swift in Sources */ = {isa = PBXBuildFile; fileRef = DCF3159926554525003F0245 /* Constants.swift */; };
		DCF3159D265545C3003F0245 /* Styles.swift in Sources */ = {isa = PBXBuildFile; fileRef = DCF3159C265545C3003F0245 /* Styles.swift */; };
		DCF315A126554AD8003F0245 /* Montserrat-Bold.ttf in Resources */ = {isa = PBXBuildFile; fileRef = DCF3159F26554AD8003F0245 /* Montserrat-Bold.ttf */; };
		DCF315A226554AD8003F0245 /* Montserrat-SemiBold.ttf in Resources */ = {isa = PBXBuildFile; fileRef = DCF315A026554AD8003F0245 /* Montserrat-SemiBold.ttf */; };
		DCF315A426554B3B003F0245 /* Fonts+Ext.swift in Sources */ = {isa = PBXBuildFile; fileRef = DCF315A326554B3B003F0245 /* Fonts+Ext.swift */; };
		DCF315A626554B56003F0245 /* Errors.swift in Sources */ = {isa = PBXBuildFile; fileRef = DCF315A526554B56003F0245 /* Errors.swift */; };
		DCF315A826564BC0003F0245 /* UILabel+Ext.swift in Sources */ = {isa = PBXBuildFile; fileRef = DCF315A726564BC0003F0245 /* UILabel+Ext.swift */; };
		DCF315AF26564DF2003F0245 /* LoaderView.swift in Sources */ = {isa = PBXBuildFile; fileRef = DCF315AE26564DF2003F0245 /* LoaderView.swift */; };
		DCF315B526564EED003F0245 /* CustomImageView.swift in Sources */ = {isa = PBXBuildFile; fileRef = DCF315B426564EED003F0245 /* CustomImageView.swift */; };
		DCF315B726565AA6003F0245 /* UIView+Ext.swift in Sources */ = {isa = PBXBuildFile; fileRef = DCF315B626565AA6003F0245 /* UIView+Ext.swift */; };
		DCF315B926565AF2003F0245 /* UIColor+Ext.swift in Sources */ = {isa = PBXBuildFile; fileRef = DCF315B826565AF2003F0245 /* UIColor+Ext.swift */; };
		DCF315BB2656A918003F0245 /* MainPresenter.swift in Sources */ = {isa = PBXBuildFile; fileRef = DCF315BA2656A918003F0245 /* MainPresenter.swift */; };
/* End PBXBuildFile section */

/* Begin PBXContainerItemProxy section */
		DCF314A42655070D003F0245 /* PBXContainerItemProxy */ = {
			isa = PBXContainerItemProxy;
			containerPortal = DCF3148526550702003F0245 /* Project object */;
			proxyType = 1;
			remoteGlobalIDString = DCF3148C26550702003F0245;
			remoteInfo = RickAndMorty;
		};
		DCF314AF2655070E003F0245 /* PBXContainerItemProxy */ = {
			isa = PBXContainerItemProxy;
			containerPortal = DCF3148526550702003F0245 /* Project object */;
			proxyType = 1;
			remoteGlobalIDString = DCF3148C26550702003F0245;
			remoteInfo = RickAndMorty;
		};
/* End PBXContainerItemProxy section */

/* Begin PBXFileReference section */
		DC20A9F2266BDDA3006689ED /* SearchTextField.swift */ = {isa = PBXFileReference; lastKnownFileType = sourcecode.swift; path = SearchTextField.swift; sourceTree = "<group>"; };
		DC20A9F4266BE0ED006689ED /* Montserrat-Regular.ttf */ = {isa = PBXFileReference; lastKnownFileType = file; path = "Montserrat-Regular.ttf"; sourceTree = "<group>"; };
		DC24213826765F6300DED97D /* LocationCollectionViewCell.swift */ = {isa = PBXFileReference; lastKnownFileType = sourcecode.swift; path = LocationCollectionViewCell.swift; sourceTree = "<group>"; };
		DC24213C2676633000DED97D /* LocationData.swift */ = {isa = PBXFileReference; lastKnownFileType = sourcecode.swift; path = LocationData.swift; sourceTree = "<group>"; };
		DC2AB641267752F7007D9FF6 /* EndPoint.swift */ = {isa = PBXFileReference; lastKnownFileType = sourcecode.swift; path = EndPoint.swift; sourceTree = "<group>"; };
		DC2AB64426775B1A007D9FF6 /* NetworkManager.swift */ = {isa = PBXFileReference; lastKnownFileType = sourcecode.swift; path = NetworkManager.swift; sourceTree = "<group>"; };
		DC2AB64626776E3F007D9FF6 /* UIImageView+Ext.swift */ = {isa = PBXFileReference; lastKnownFileType = sourcecode.swift; path = "UIImageView+Ext.swift"; sourceTree = "<group>"; };
		DC2AB6482677B815007D9FF6 /* Assets.xcassets */ = {isa = PBXFileReference; lastKnownFileType = folder.assetcatalog; path = Assets.xcassets; sourceTree = "<group>"; };
		DC2AB64A267BAACD007D9FF6 /* UserDefaultsManager.swift */ = {isa = PBXFileReference; lastKnownFileType = sourcecode.swift; path = UserDefaultsManager.swift; sourceTree = "<group>"; };
		DC2AB64D267BABFA007D9FF6 /* FilterUserDefaults.swift */ = {isa = PBXFileReference; lastKnownFileType = sourcecode.swift; path = FilterUserDefaults.swift; sourceTree = "<group>"; };
		DC2AB650267CAFB6007D9FF6 /* ErrorView.swift */ = {isa = PBXFileReference; lastKnownFileType = sourcecode.swift; path = ErrorView.swift; sourceTree = "<group>"; };
		DC2AB652267CC014007D9FF6 /* UIViewController+Ext.swift */ = {isa = PBXFileReference; lastKnownFileType = sourcecode.swift; path = "UIViewController+Ext.swift"; sourceTree = "<group>"; };
		DC2AB654267CDD3D007D9FF6 /* LocationViewController.swift */ = {isa = PBXFileReference; lastKnownFileType = sourcecode.swift; path = LocationViewController.swift; sourceTree = "<group>"; };
		DC2AB657267CDD89007D9FF6 /* LocationPresenter.swift */ = {isa = PBXFileReference; lastKnownFileType = sourcecode.swift; path = LocationPresenter.swift; sourceTree = "<group>"; };
		DC4916D9266775160040C4A8 /* CharacterCollectionViewCell.swift */ = {isa = PBXFileReference; lastKnownFileType = sourcecode.swift; path = CharacterCollectionViewCell.swift; sourceTree = "<group>"; };
		DC4D2C312660DE68007EE95E /* ModuleBuilder.swift */ = {isa = PBXFileReference; lastKnownFileType = sourcecode.swift; path = ModuleBuilder.swift; sourceTree = "<group>"; };
		DC4D2C332660E149007EE95E /* NavigationInfo.swift */ = {isa = PBXFileReference; lastKnownFileType = sourcecode.swift; path = NavigationInfo.swift; sourceTree = "<group>"; };
		DC4D2C3726611C6B007EE95E /* ThemesCollectionViewCell.swift */ = {isa = PBXFileReference; lastKnownFileType = sourcecode.swift; path = ThemesCollectionViewCell.swift; sourceTree = "<group>"; };
		DC4D2C3A266125CE007EE95E /* UIHelper.swift */ = {isa = PBXFileReference; lastKnownFileType = sourcecode.swift; path = UIHelper.swift; sourceTree = "<group>"; };
		DC4D2C3C266233D5007EE95E /* UICollectionCell+Ext.swift */ = {isa = PBXFileReference; lastKnownFileType = sourcecode.swift; path = "UICollectionCell+Ext.swift"; sourceTree = "<group>"; };
		DC4D2C4226624A27007EE95E /* CharacterViewController.swift */ = {isa = PBXFileReference; lastKnownFileType = sourcecode.swift; path = CharacterViewController.swift; sourceTree = "<group>"; };
		DC4D2C4426624A35007EE95E /* CharacterPresenter.swift */ = {isa = PBXFileReference; lastKnownFileType = sourcecode.swift; path = CharacterPresenter.swift; sourceTree = "<group>"; };
		DC4D2C4826627D70007EE95E /* CharactersData.swift */ = {isa = PBXFileReference; lastKnownFileType = sourcecode.swift; path = CharactersData.swift; sourceTree = "<group>"; };
		DC694C37266CF1C90053754B /* DetailCharacterViewController.swift */ = {isa = PBXFileReference; lastKnownFileType = sourcecode.swift; path = DetailCharacterViewController.swift; sourceTree = "<group>"; };
		DC694C39266CF1D50053754B /* DetailCharacterPresenter.swift */ = {isa = PBXFileReference; lastKnownFileType = sourcecode.swift; path = DetailCharacterPresenter.swift; sourceTree = "<group>"; };
		DC694C40266D0E8F0053754B /* DescriptionTableViewCell.swift */ = {isa = PBXFileReference; lastKnownFileType = sourcecode.swift; path = DescriptionTableViewCell.swift; sourceTree = "<group>"; };
		DC694C42266F57A80053754B /* FilterViewController.swift */ = {isa = PBXFileReference; lastKnownFileType = sourcecode.swift; path = FilterViewController.swift; sourceTree = "<group>"; };
		DC694C44266F57B40053754B /* FilterPresenter.swift */ = {isa = PBXFileReference; lastKnownFileType = sourcecode.swift; path = FilterPresenter.swift; sourceTree = "<group>"; };
		DC694C4F266FB7380053754B /* FilterTableViewCell.swift */ = {isa = PBXFileReference; lastKnownFileType = sourcecode.swift; path = FilterTableViewCell.swift; sourceTree = "<group>"; };
		DC694C57267108170053754B /* UICollectionView+Ext.swift */ = {isa = PBXFileReference; lastKnownFileType = sourcecode.swift; path = "UICollectionView+Ext.swift"; sourceTree = "<group>"; };
		DC694C5B267117A40053754B /* HeaderFilterView.swift */ = {isa = PBXFileReference; lastKnownFileType = sourcecode.swift; path = HeaderFilterView.swift; sourceTree = "<group>"; };
		DC694C5E26724EAD0053754B /* CustomButton.swift */ = {isa = PBXFileReference; lastKnownFileType = sourcecode.swift; path = CustomButton.swift; sourceTree = "<group>"; };
		DC694C6326751A750053754B /* LaunchPresenter.swift */ = {isa = PBXFileReference; lastKnownFileType = sourcecode.swift; path = LaunchPresenter.swift; sourceTree = "<group>"; };
		DC694C6526751AB90053754B /* LaunchViewController.swift */ = {isa = PBXFileReference; lastKnownFileType = sourcecode.swift; path = LaunchViewController.swift; sourceTree = "<group>"; };
		DCF3148D26550702003F0245 /* RickAndMorty.app */ = {isa = PBXFileReference; explicitFileType = wrapper.application; includeInIndex = 0; path = RickAndMorty.app; sourceTree = BUILT_PRODUCTS_DIR; };
		DCF3149026550702003F0245 /* AppDelegate.swift */ = {isa = PBXFileReference; lastKnownFileType = sourcecode.swift; path = AppDelegate.swift; sourceTree = "<group>"; };
		DCF3149726550702003F0245 /* Base */ = {isa = PBXFileReference; lastKnownFileType = file.storyboard; name = Base; path = Base.lproj/Main.storyboard; sourceTree = "<group>"; };
		DCF3149C2655070D003F0245 /* Base */ = {isa = PBXFileReference; lastKnownFileType = file.storyboard; name = Base; path = Base.lproj/LaunchScreen.storyboard; sourceTree = "<group>"; };
		DCF3149E2655070D003F0245 /* Info.plist */ = {isa = PBXFileReference; lastKnownFileType = text.plist.xml; path = Info.plist; sourceTree = "<group>"; };
		DCF314A32655070D003F0245 /* RickAndMortyTests.xctest */ = {isa = PBXFileReference; explicitFileType = wrapper.cfbundle; includeInIndex = 0; path = RickAndMortyTests.xctest; sourceTree = BUILT_PRODUCTS_DIR; };
		DCF314A72655070D003F0245 /* RickAndMortyTests.swift */ = {isa = PBXFileReference; lastKnownFileType = sourcecode.swift; path = RickAndMortyTests.swift; sourceTree = "<group>"; };
		DCF314A92655070D003F0245 /* Info.plist */ = {isa = PBXFileReference; lastKnownFileType = text.plist.xml; path = Info.plist; sourceTree = "<group>"; };
		DCF314AE2655070E003F0245 /* RickAndMortyUITests.xctest */ = {isa = PBXFileReference; explicitFileType = wrapper.cfbundle; includeInIndex = 0; path = RickAndMortyUITests.xctest; sourceTree = BUILT_PRODUCTS_DIR; };
		DCF314B22655070E003F0245 /* RickAndMortyUITests.swift */ = {isa = PBXFileReference; lastKnownFileType = sourcecode.swift; path = RickAndMortyUITests.swift; sourceTree = "<group>"; };
		DCF314B42655070E003F0245 /* Info.plist */ = {isa = PBXFileReference; lastKnownFileType = text.plist.xml; path = Info.plist; sourceTree = "<group>"; };
		DCF315172655297F003F0245 /* MainViewController.swift */ = {isa = PBXFileReference; lastKnownFileType = sourcecode.swift; path = MainViewController.swift; sourceTree = "<group>"; };
		DCF31597265539E3003F0245 /* CustomLabel.swift */ = {isa = PBXFileReference; lastKnownFileType = sourcecode.swift; path = CustomLabel.swift; sourceTree = "<group>"; };
		DCF3159926554525003F0245 /* Constants.swift */ = {isa = PBXFileReference; lastKnownFileType = sourcecode.swift; path = Constants.swift; sourceTree = "<group>"; };
		DCF3159C265545C3003F0245 /* Styles.swift */ = {isa = PBXFileReference; lastKnownFileType = sourcecode.swift; path = Styles.swift; sourceTree = "<group>"; };
		DCF3159F26554AD8003F0245 /* Montserrat-Bold.ttf */ = {isa = PBXFileReference; lastKnownFileType = file; path = "Montserrat-Bold.ttf"; sourceTree = "<group>"; };
		DCF315A026554AD8003F0245 /* Montserrat-SemiBold.ttf */ = {isa = PBXFileReference; lastKnownFileType = file; path = "Montserrat-SemiBold.ttf"; sourceTree = "<group>"; };
		DCF315A326554B3B003F0245 /* Fonts+Ext.swift */ = {isa = PBXFileReference; lastKnownFileType = sourcecode.swift; path = "Fonts+Ext.swift"; sourceTree = "<group>"; };
		DCF315A526554B56003F0245 /* Errors.swift */ = {isa = PBXFileReference; lastKnownFileType = sourcecode.swift; path = Errors.swift; sourceTree = "<group>"; };
		DCF315A726564BC0003F0245 /* UILabel+Ext.swift */ = {isa = PBXFileReference; lastKnownFileType = sourcecode.swift; path = "UILabel+Ext.swift"; sourceTree = "<group>"; };
		DCF315AE26564DF2003F0245 /* LoaderView.swift */ = {isa = PBXFileReference; lastKnownFileType = sourcecode.swift; path = LoaderView.swift; sourceTree = "<group>"; };
		DCF315B426564EED003F0245 /* CustomImageView.swift */ = {isa = PBXFileReference; lastKnownFileType = sourcecode.swift; path = CustomImageView.swift; sourceTree = "<group>"; };
		DCF315B626565AA6003F0245 /* UIView+Ext.swift */ = {isa = PBXFileReference; lastKnownFileType = sourcecode.swift; path = "UIView+Ext.swift"; sourceTree = "<group>"; };
		DCF315B826565AF2003F0245 /* UIColor+Ext.swift */ = {isa = PBXFileReference; lastKnownFileType = sourcecode.swift; path = "UIColor+Ext.swift"; sourceTree = "<group>"; };
		DCF315BA2656A918003F0245 /* MainPresenter.swift */ = {isa = PBXFileReference; lastKnownFileType = sourcecode.swift; path = MainPresenter.swift; sourceTree = "<group>"; };
/* End PBXFileReference section */

/* Begin PBXFrameworksBuildPhase section */
		DCF3148A26550702003F0245 /* Frameworks */ = {
			isa = PBXFrameworksBuildPhase;
			buildActionMask = 2147483647;
			files = (
			);
			runOnlyForDeploymentPostprocessing = 0;
		};
		DCF314A02655070D003F0245 /* Frameworks */ = {
			isa = PBXFrameworksBuildPhase;
			buildActionMask = 2147483647;
			files = (
			);
			runOnlyForDeploymentPostprocessing = 0;
		};
		DCF314AB2655070E003F0245 /* Frameworks */ = {
			isa = PBXFrameworksBuildPhase;
			buildActionMask = 2147483647;
			files = (
			);
			runOnlyForDeploymentPostprocessing = 0;
		};
/* End PBXFrameworksBuildPhase section */

/* Begin PBXGroup section */
		DC20A9F1266BDD97006689ED /* TextField */ = {
			isa = PBXGroup;
			children = (
				DC20A9F2266BDDA3006689ED /* SearchTextField.swift */,
			);
			path = TextField;
			sourceTree = "<group>";
		};
		DC24213626765F3000DED97D /* LocationCollectionCell */ = {
			isa = PBXGroup;
			children = (
				DC24213826765F6300DED97D /* LocationCollectionViewCell.swift */,
			);
			path = LocationCollectionCell;
			sourceTree = "<group>";
		};
		DC2AB64C267BABE6007D9FF6 /* Model */ = {
			isa = PBXGroup;
			children = (
				DC2AB64D267BABFA007D9FF6 /* FilterUserDefaults.swift */,
			);
			path = Model;
			sourceTree = "<group>";
		};
		DC2AB64F267CAFA1007D9FF6 /* ErrorView */ = {
			isa = PBXGroup;
			children = (
				DC2AB650267CAFB6007D9FF6 /* ErrorView.swift */,
			);
			path = ErrorView;
			sourceTree = "<group>";
		};
		DC4916D7266771080040C4A8 /* ModuleCharacter */ = {
			isa = PBXGroup;
			children = (
				DC4D2C4126624684007EE95E /* Model */,
				DC4D2C402662467F007EE95E /* View */,
				DC4D2C3F26624671007EE95E /* Presenter */,
			);
			path = ModuleCharacter;
			sourceTree = "<group>";
		};
		DC4916D8266774E80040C4A8 /* CharacterCollectionViewCell */ = {
			isa = PBXGroup;
			children = (
				DC4916D9266775160040C4A8 /* CharacterCollectionViewCell.swift */,
			);
			path = CharacterCollectionViewCell;
			sourceTree = "<group>";
		};
		DC4D2C352660E39A007EE95E /* ServiceLayer */ = {
			isa = PBXGroup;
			children = (
				DC2AB641267752F7007D9FF6 /* EndPoint.swift */,
				DC2AB64426775B1A007D9FF6 /* NetworkManager.swift */,
				DC2AB64A267BAACD007D9FF6 /* UserDefaultsManager.swift */,
			);
			path = ServiceLayer;
			sourceTree = "<group>";
		};
		DC4D2C362661195A007EE95E /* ThemesCollectionViewCell */ = {
			isa = PBXGroup;
			children = (
				DC4D2C3726611C6B007EE95E /* ThemesCollectionViewCell.swift */,
			);
			path = ThemesCollectionViewCell;
			sourceTree = "<group>";
		};
		DC4D2C3E266245DD007EE95E /* ListModule */ = {
			isa = PBXGroup;
			children = (
				DC694C46266F5D920053754B /* ModuleLocation */,
				DC4916D7266771080040C4A8 /* ModuleCharacter */,
			);
			path = ListModule;
			sourceTree = "<group>";
		};
		DC4D2C3F26624671007EE95E /* Presenter */ = {
			isa = PBXGroup;
			children = (
				DC4D2C4426624A35007EE95E /* CharacterPresenter.swift */,
				DC694C39266CF1D50053754B /* DetailCharacterPresenter.swift */,
			);
			path = Presenter;
			sourceTree = "<group>";
		};
		DC4D2C402662467F007EE95E /* View */ = {
			isa = PBXGroup;
			children = (
				DC4D2C4226624A27007EE95E /* CharacterViewController.swift */,
				DC694C37266CF1C90053754B /* DetailCharacterViewController.swift */,
			);
			path = View;
			sourceTree = "<group>";
		};
		DC4D2C4126624684007EE95E /* Model */ = {
			isa = PBXGroup;
			children = (
				DC4D2C4826627D70007EE95E /* CharactersData.swift */,
				DC24213C2676633000DED97D /* LocationData.swift */,
			);
			path = Model;
			sourceTree = "<group>";
		};
		DC694C3F266D0E6B0053754B /* DescriptionTableViewCell */ = {
			isa = PBXGroup;
			children = (
				DC694C40266D0E8F0053754B /* DescriptionTableViewCell.swift */,
			);
			path = DescriptionTableViewCell;
			sourceTree = "<group>";
		};
		DC694C46266F5D920053754B /* ModuleLocation */ = {
			isa = PBXGroup;
			children = (
				DC694C49266F5DA50053754B /* Presenter */,
				DC694C48266F5D9F0053754B /* Model */,
				DC694C47266F5D9C0053754B /* View */,
			);
			path = ModuleLocation;
			sourceTree = "<group>";
		};
		DC694C47266F5D9C0053754B /* View */ = {
			isa = PBXGroup;
			children = (
				DC2AB654267CDD3D007D9FF6 /* LocationViewController.swift */,
			);
			path = View;
			sourceTree = "<group>";
		};
		DC694C48266F5D9F0053754B /* Model */ = {
			isa = PBXGroup;
			children = (
			);
			path = Model;
			sourceTree = "<group>";
		};
		DC694C49266F5DA50053754B /* Presenter */ = {
			isa = PBXGroup;
			children = (
				DC2AB657267CDD89007D9FF6 /* LocationPresenter.swift */,
			);
			path = Presenter;
			sourceTree = "<group>";
		};
		DC694C4E266FB7280053754B /* RadioButtonTableViewCell */ = {
			isa = PBXGroup;
			children = (
				DC694C4F266FB7380053754B /* FilterTableViewCell.swift */,
			);
			path = RadioButtonTableViewCell;
			sourceTree = "<group>";
		};
		DC694C5A267117860053754B /* HeaderFilterView */ = {
			isa = PBXGroup;
			children = (
				DC694C5B267117A40053754B /* HeaderFilterView.swift */,
			);
			path = HeaderFilterView;
			sourceTree = "<group>";
		};
		DC694C5D26724E980053754B /* Buttons */ = {
			isa = PBXGroup;
			children = (
				DC694C5E26724EAD0053754B /* CustomButton.swift */,
			);
			path = Buttons;
			sourceTree = "<group>";
		};
		DC694C60267519E60053754B /* LaunchModule */ = {
			isa = PBXGroup;
			children = (
				DC694C6226751A650053754B /* Presenter */,
				DC694C6126751A610053754B /* View */,
			);
			path = LaunchModule;
			sourceTree = "<group>";
		};
		DC694C6126751A610053754B /* View */ = {
			isa = PBXGroup;
			children = (
				DC694C6526751AB90053754B /* LaunchViewController.swift */,
			);
			path = View;
			sourceTree = "<group>";
		};
		DC694C6226751A650053754B /* Presenter */ = {
			isa = PBXGroup;
			children = (
				DC694C6326751A750053754B /* LaunchPresenter.swift */,
			);
			path = Presenter;
			sourceTree = "<group>";
		};
		DCF3148426550702003F0245 = {
			isa = PBXGroup;
			children = (
				DCF3148F26550702003F0245 /* RickAndMorty */,
				DCF314A62655070D003F0245 /* RickAndMortyTests */,
				DCF314B12655070E003F0245 /* RickAndMortyUITests */,
				DCF3148E26550702003F0245 /* Products */,
			);
			sourceTree = "<group>";
		};
		DCF3148E26550702003F0245 /* Products */ = {
			isa = PBXGroup;
			children = (
				DCF3148D26550702003F0245 /* RickAndMorty.app */,
				DCF314A32655070D003F0245 /* RickAndMortyTests.xctest */,
				DCF314AE2655070E003F0245 /* RickAndMortyUITests.xctest */,
			);
			name = Products;
			sourceTree = "<group>";
		};
		DCF3148F26550702003F0245 /* RickAndMorty */ = {
			isa = PBXGroup;
			children = (
				DC4D2C352660E39A007EE95E /* ServiceLayer */,
				DCF3159E26554AC9003F0245 /* Fonts */,
				DCF3149E2655070D003F0245 /* Info.plist */,
				DCF314C426550795003F0245 /* Module */,
				DCF314C32655078C003F0245 /* Utilites */,
				DCF314C22655077B003F0245 /* Extension */,
				DCF314C126550766003F0245 /* CustomViews */,
				DCF314C026550757003F0245 /* SupportFile */,
				DC4D2C312660DE68007EE95E /* ModuleBuilder.swift */,
			);
			path = RickAndMorty;
			sourceTree = "<group>";
		};
		DCF314A62655070D003F0245 /* RickAndMortyTests */ = {
			isa = PBXGroup;
			children = (
				DCF314A72655070D003F0245 /* RickAndMortyTests.swift */,
				DCF314A92655070D003F0245 /* Info.plist */,
			);
			path = RickAndMortyTests;
			sourceTree = "<group>";
		};
		DCF314B12655070E003F0245 /* RickAndMortyUITests */ = {
			isa = PBXGroup;
			children = (
				DCF314B22655070E003F0245 /* RickAndMortyUITests.swift */,
				DCF314B42655070E003F0245 /* Info.plist */,
			);
			path = RickAndMortyUITests;
			sourceTree = "<group>";
		};
		DCF314C026550757003F0245 /* SupportFile */ = {
			isa = PBXGroup;
			children = (
				DCF3149026550702003F0245 /* AppDelegate.swift */,
				DCF3149626550702003F0245 /* Main.storyboard */,
				DC2AB6482677B815007D9FF6 /* Assets.xcassets */,
				DCF3149B2655070D003F0245 /* LaunchScreen.storyboard */,
			);
			path = SupportFile;
			sourceTree = "<group>";
		};
		DCF314C126550766003F0245 /* CustomViews */ = {
			isa = PBXGroup;
			children = (
				DC694C5D26724E980053754B /* Buttons */,
				DC20A9F1266BDD97006689ED /* TextField */,
				DCF315AC26564DC5003F0245 /* Views */,
				DCF315962655387D003F0245 /* Cells */,
				DCF3159526553870003F0245 /* Labels */,
				DCF3159426553869003F0245 /* Images */,
			);
			path = CustomViews;
			sourceTree = "<group>";
		};
		DCF314C22655077B003F0245 /* Extension */ = {
			isa = PBXGroup;
			children = (
				DCF315A326554B3B003F0245 /* Fonts+Ext.swift */,
				DCF315A726564BC0003F0245 /* UILabel+Ext.swift */,
				DCF315B626565AA6003F0245 /* UIView+Ext.swift */,
				DCF315B826565AF2003F0245 /* UIColor+Ext.swift */,
				DC4D2C3C266233D5007EE95E /* UICollectionCell+Ext.swift */,
				DC694C57267108170053754B /* UICollectionView+Ext.swift */,
				DC2AB64626776E3F007D9FF6 /* UIImageView+Ext.swift */,
				DC2AB652267CC014007D9FF6 /* UIViewController+Ext.swift */,
			);
			path = Extension;
			sourceTree = "<group>";
		};
		DCF314C32655078C003F0245 /* Utilites */ = {
			isa = PBXGroup;
			children = (
				DCF3159926554525003F0245 /* Constants.swift */,
				DCF3159C265545C3003F0245 /* Styles.swift */,
				DCF315A526554B56003F0245 /* Errors.swift */,
				DC4D2C3A266125CE007EE95E /* UIHelper.swift */,
			);
			path = Utilites;
			sourceTree = "<group>";
		};
		DCF314C426550795003F0245 /* Module */ = {
			isa = PBXGroup;
			children = (
				DC694C60267519E60053754B /* LaunchModule */,
				DC4D2C3E266245DD007EE95E /* ListModule */,
				DCF3159126552EDE003F0245 /* FilterModule */,
				DCF314C5265507A5003F0245 /* MainModule */,
			);
			path = Module;
			sourceTree = "<group>";
		};
		DCF314C5265507A5003F0245 /* MainModule */ = {
			isa = PBXGroup;
			children = (
				DCF314C8265507BD003F0245 /* View */,
				DCF314C7265507B8003F0245 /* Presenter */,
				DCF314C6265507B2003F0245 /* Model */,
			);
			path = MainModule;
			sourceTree = "<group>";
		};
		DCF314C6265507B2003F0245 /* Model */ = {
			isa = PBXGroup;
			children = (
				DC4D2C332660E149007EE95E /* NavigationInfo.swift */,
			);
			path = Model;
			sourceTree = "<group>";
		};
		DCF314C7265507B8003F0245 /* Presenter */ = {
			isa = PBXGroup;
			children = (
				DCF315BA2656A918003F0245 /* MainPresenter.swift */,
			);
			path = Presenter;
			sourceTree = "<group>";
		};
		DCF314C8265507BD003F0245 /* View */ = {
			isa = PBXGroup;
			children = (
				DCF315172655297F003F0245 /* MainViewController.swift */,
			);
			path = View;
			sourceTree = "<group>";
		};
		DCF3159126552EDE003F0245 /* FilterModule */ = {
			isa = PBXGroup;
			children = (
				DC2AB64C267BABE6007D9FF6 /* Model */,
				DCF3159326552EF0003F0245 /* Presenter */,
				DCF3159226552EEC003F0245 /* View */,
			);
			path = FilterModule;
			sourceTree = "<group>";
		};
		DCF3159226552EEC003F0245 /* View */ = {
			isa = PBXGroup;
			children = (
				DC694C42266F57A80053754B /* FilterViewController.swift */,
			);
			path = View;
			sourceTree = "<group>";
		};
		DCF3159326552EF0003F0245 /* Presenter */ = {
			isa = PBXGroup;
			children = (
				DC694C44266F57B40053754B /* FilterPresenter.swift */,
			);
			path = Presenter;
			sourceTree = "<group>";
		};
		DCF3159426553869003F0245 /* Images */ = {
			isa = PBXGroup;
			children = (
				DCF315B426564EED003F0245 /* CustomImageView.swift */,
			);
			path = Images;
			sourceTree = "<group>";
		};
		DCF3159526553870003F0245 /* Labels */ = {
			isa = PBXGroup;
			children = (
				DCF31597265539E3003F0245 /* CustomLabel.swift */,
			);
			path = Labels;
			sourceTree = "<group>";
		};
		DCF315962655387D003F0245 /* Cells */ = {
			isa = PBXGroup;
			children = (
				DC24213626765F3000DED97D /* LocationCollectionCell */,
				DC694C4E266FB7280053754B /* RadioButtonTableViewCell */,
				DC694C3F266D0E6B0053754B /* DescriptionTableViewCell */,
				DC4916D8266774E80040C4A8 /* CharacterCollectionViewCell */,
				DC4D2C362661195A007EE95E /* ThemesCollectionViewCell */,
			);
			path = Cells;
			sourceTree = "<group>";
		};
		DCF3159E26554AC9003F0245 /* Fonts */ = {
			isa = PBXGroup;
			children = (
				DCF3159F26554AD8003F0245 /* Montserrat-Bold.ttf */,
				DC20A9F4266BE0ED006689ED /* Montserrat-Regular.ttf */,
				DCF315A026554AD8003F0245 /* Montserrat-SemiBold.ttf */,
			);
			path = Fonts;
			sourceTree = "<group>";
		};
		DCF315AC26564DC5003F0245 /* Views */ = {
			isa = PBXGroup;
			children = (
				DC2AB64F267CAFA1007D9FF6 /* ErrorView */,
				DC694C5A267117860053754B /* HeaderFilterView */,
				DCF315AD26564DD2003F0245 /* LoaderView */,
			);
			path = Views;
			sourceTree = "<group>";
		};
		DCF315AD26564DD2003F0245 /* LoaderView */ = {
			isa = PBXGroup;
			children = (
				DCF315AE26564DF2003F0245 /* LoaderView.swift */,
			);
			path = LoaderView;
			sourceTree = "<group>";
		};
/* End PBXGroup section */

/* Begin PBXNativeTarget section */
		DCF3148C26550702003F0245 /* RickAndMorty */ = {
			isa = PBXNativeTarget;
			buildConfigurationList = DCF314B72655070E003F0245 /* Build configuration list for PBXNativeTarget "RickAndMorty" */;
			buildPhases = (
				DCF3148926550702003F0245 /* Sources */,
				DCF3148A26550702003F0245 /* Frameworks */,
				DCF3148B26550702003F0245 /* Resources */,
			);
			buildRules = (
			);
			dependencies = (
			);
			name = RickAndMorty;
			productName = RickAndMorty;
			productReference = DCF3148D26550702003F0245 /* RickAndMorty.app */;
			productType = "com.apple.product-type.application";
		};
		DCF314A22655070D003F0245 /* RickAndMortyTests */ = {
			isa = PBXNativeTarget;
			buildConfigurationList = DCF314BA2655070E003F0245 /* Build configuration list for PBXNativeTarget "RickAndMortyTests" */;
			buildPhases = (
				DCF3149F2655070D003F0245 /* Sources */,
				DCF314A02655070D003F0245 /* Frameworks */,
				DCF314A12655070D003F0245 /* Resources */,
			);
			buildRules = (
			);
			dependencies = (
				DCF314A52655070D003F0245 /* PBXTargetDependency */,
			);
			name = RickAndMortyTests;
			productName = RickAndMortyTests;
			productReference = DCF314A32655070D003F0245 /* RickAndMortyTests.xctest */;
			productType = "com.apple.product-type.bundle.unit-test";
		};
		DCF314AD2655070E003F0245 /* RickAndMortyUITests */ = {
			isa = PBXNativeTarget;
			buildConfigurationList = DCF314BD2655070E003F0245 /* Build configuration list for PBXNativeTarget "RickAndMortyUITests" */;
			buildPhases = (
				DCF314AA2655070E003F0245 /* Sources */,
				DCF314AB2655070E003F0245 /* Frameworks */,
				DCF314AC2655070E003F0245 /* Resources */,
			);
			buildRules = (
			);
			dependencies = (
				DCF314B02655070E003F0245 /* PBXTargetDependency */,
			);
			name = RickAndMortyUITests;
			productName = RickAndMortyUITests;
			productReference = DCF314AE2655070E003F0245 /* RickAndMortyUITests.xctest */;
			productType = "com.apple.product-type.bundle.ui-testing";
		};
/* End PBXNativeTarget section */

/* Begin PBXProject section */
		DCF3148526550702003F0245 /* Project object */ = {
			isa = PBXProject;
			attributes = {
				LastSwiftUpdateCheck = 1250;
				LastUpgradeCheck = 1250;
				TargetAttributes = {
					DCF3148C26550702003F0245 = {
						CreatedOnToolsVersion = 12.5;
					};
					DCF314A22655070D003F0245 = {
						CreatedOnToolsVersion = 12.5;
						TestTargetID = DCF3148C26550702003F0245;
					};
					DCF314AD2655070E003F0245 = {
						CreatedOnToolsVersion = 12.5;
						TestTargetID = DCF3148C26550702003F0245;
					};
				};
			};
			buildConfigurationList = DCF3148826550702003F0245 /* Build configuration list for PBXProject "RickAndMorty" */;
			compatibilityVersion = "Xcode 9.3";
			developmentRegion = en;
			hasScannedForEncodings = 0;
			knownRegions = (
				en,
				Base,
			);
			mainGroup = DCF3148426550702003F0245;
			productRefGroup = DCF3148E26550702003F0245 /* Products */;
			projectDirPath = "";
			projectRoot = "";
			targets = (
				DCF3148C26550702003F0245 /* RickAndMorty */,
				DCF314A22655070D003F0245 /* RickAndMortyTests */,
				DCF314AD2655070E003F0245 /* RickAndMortyUITests */,
			);
		};
/* End PBXProject section */

/* Begin PBXResourcesBuildPhase section */
		DCF3148B26550702003F0245 /* Resources */ = {
			isa = PBXResourcesBuildPhase;
			buildActionMask = 2147483647;
			files = (
				DC20A9F5266BE0ED006689ED /* Montserrat-Regular.ttf in Resources */,
				DCF315A126554AD8003F0245 /* Montserrat-Bold.ttf in Resources */,
				DCF3149D2655070D003F0245 /* LaunchScreen.storyboard in Resources */,
				DCF3149826550702003F0245 /* Main.storyboard in Resources */,
				DC2AB6492677B815007D9FF6 /* Assets.xcassets in Resources */,
				DCF315A226554AD8003F0245 /* Montserrat-SemiBold.ttf in Resources */,
			);
			runOnlyForDeploymentPostprocessing = 0;
		};
		DCF314A12655070D003F0245 /* Resources */ = {
			isa = PBXResourcesBuildPhase;
			buildActionMask = 2147483647;
			files = (
			);
			runOnlyForDeploymentPostprocessing = 0;
		};
		DCF314AC2655070E003F0245 /* Resources */ = {
			isa = PBXResourcesBuildPhase;
			buildActionMask = 2147483647;
			files = (
			);
			runOnlyForDeploymentPostprocessing = 0;
		};
/* End PBXResourcesBuildPhase section */

/* Begin PBXSourcesBuildPhase section */
		DCF3148926550702003F0245 /* Sources */ = {
			isa = PBXSourcesBuildPhase;
			buildActionMask = 2147483647;
			files = (
				DC4D2C342660E149007EE95E /* NavigationInfo.swift in Sources */,
				DC2AB64E267BABFA007D9FF6 /* FilterUserDefaults.swift in Sources */,
				DC694C6626751AB90053754B /* LaunchViewController.swift in Sources */,
				DC24213D2676633000DED97D /* LocationData.swift in Sources */,
				DCF315B526564EED003F0245 /* CustomImageView.swift in Sources */,
				DCF315B726565AA6003F0245 /* UIView+Ext.swift in Sources */,
				DC4D2C3D266233D5007EE95E /* UICollectionCell+Ext.swift in Sources */,
				DC694C5F26724EAD0053754B /* CustomButton.swift in Sources */,
				DCF315A826564BC0003F0245 /* UILabel+Ext.swift in Sources */,
				DC694C38266CF1C90053754B /* DetailCharacterViewController.swift in Sources */,
				DCF3149126550702003F0245 /* AppDelegate.swift in Sources */,
				DCF3159D265545C3003F0245 /* Styles.swift in Sources */,
				DC4D2C3826611C6B007EE95E /* ThemesCollectionViewCell.swift in Sources */,
				DC2AB64526775B1A007D9FF6 /* NetworkManager.swift in Sources */,
				DC4D2C4326624A27007EE95E /* CharacterViewController.swift in Sources */,
				DC20A9F3266BDDA3006689ED /* SearchTextField.swift in Sources */,
				DCF315A426554B3B003F0245 /* Fonts+Ext.swift in Sources */,
				DC694C58267108170053754B /* UICollectionView+Ext.swift in Sources */,
				DC2AB642267752F7007D9FF6 /* EndPoint.swift in Sources */,
				DC4D2C4526624A35007EE95E /* CharacterPresenter.swift in Sources */,
				DCF315BB2656A918003F0245 /* MainPresenter.swift in Sources */,
				DCF31598265539E3003F0245 /* CustomLabel.swift in Sources */,
				DC2AB658267CDD89007D9FF6 /* LocationPresenter.swift in Sources */,
				DCF315182655297F003F0245 /* MainViewController.swift in Sources */,
				DCF3159A26554525003F0245 /* Constants.swift in Sources */,
				DC4D2C3B266125CE007EE95E /* UIHelper.swift in Sources */,
				DCF315B926565AF2003F0245 /* UIColor+Ext.swift in Sources */,
				DC2AB64B267BAACD007D9FF6 /* UserDefaultsManager.swift in Sources */,
				DC2AB655267CDD3D007D9FF6 /* LocationViewController.swift in Sources */,
				DC4D2C322660DE68007EE95E /* ModuleBuilder.swift in Sources */,
				DC2AB653267CC014007D9FF6 /* UIViewController+Ext.swift in Sources */,
				DC2AB64726776E3F007D9FF6 /* UIImageView+Ext.swift in Sources */,
				DC694C41266D0E8F0053754B /* DescriptionTableViewCell.swift in Sources */,
				DC694C43266F57A80053754B /* FilterViewController.swift in Sources */,
				DC694C6426751A750053754B /* LaunchPresenter.swift in Sources */,
				DC694C3A266CF1D50053754B /* DetailCharacterPresenter.swift in Sources */,
				DC4D2C4926627D70007EE95E /* CharactersData.swift in Sources */,
				DCF315A626554B56003F0245 /* Errors.swift in Sources */,
				DC694C5C267117A40053754B /* HeaderFilterView.swift in Sources */,
				DC4916DA266775160040C4A8 /* CharacterCollectionViewCell.swift in Sources */,
				DC694C50266FB7380053754B /* FilterTableViewCell.swift in Sources */,
				DC694C45266F57B40053754B /* FilterPresenter.swift in Sources */,
				DC24213926765F6300DED97D /* LocationCollectionViewCell.swift in Sources */,
				DCF315AF26564DF2003F0245 /* LoaderView.swift in Sources */,
				DC2AB651267CAFB6007D9FF6 /* ErrorView.swift in Sources */,
			);
			runOnlyForDeploymentPostprocessing = 0;
		};
		DCF3149F2655070D003F0245 /* Sources */ = {
			isa = PBXSourcesBuildPhase;
			buildActionMask = 2147483647;
			files = (
				DCF314A82655070D003F0245 /* RickAndMortyTests.swift in Sources */,
			);
			runOnlyForDeploymentPostprocessing = 0;
		};
		DCF314AA2655070E003F0245 /* Sources */ = {
			isa = PBXSourcesBuildPhase;
			buildActionMask = 2147483647;
			files = (
				DCF314B32655070E003F0245 /* RickAndMortyUITests.swift in Sources */,
			);
			runOnlyForDeploymentPostprocessing = 0;
		};
/* End PBXSourcesBuildPhase section */

/* Begin PBXTargetDependency section */
		DCF314A52655070D003F0245 /* PBXTargetDependency */ = {
			isa = PBXTargetDependency;
			target = DCF3148C26550702003F0245 /* RickAndMorty */;
			targetProxy = DCF314A42655070D003F0245 /* PBXContainerItemProxy */;
		};
		DCF314B02655070E003F0245 /* PBXTargetDependency */ = {
			isa = PBXTargetDependency;
			target = DCF3148C26550702003F0245 /* RickAndMorty */;
			targetProxy = DCF314AF2655070E003F0245 /* PBXContainerItemProxy */;
		};
/* End PBXTargetDependency section */

/* Begin PBXVariantGroup section */
		DCF3149626550702003F0245 /* Main.storyboard */ = {
			isa = PBXVariantGroup;
			children = (
				DCF3149726550702003F0245 /* Base */,
			);
			name = Main.storyboard;
			sourceTree = "<group>";
		};
		DCF3149B2655070D003F0245 /* LaunchScreen.storyboard */ = {
			isa = PBXVariantGroup;
			children = (
				DCF3149C2655070D003F0245 /* Base */,
			);
			name = LaunchScreen.storyboard;
			sourceTree = "<group>";
		};
/* End PBXVariantGroup section */

/* Begin XCBuildConfiguration section */
		DCF314B52655070E003F0245 /* Debug */ = {
			isa = XCBuildConfiguration;
			buildSettings = {
				ALWAYS_SEARCH_USER_PATHS = NO;
				CLANG_ANALYZER_NONNULL = YES;
				CLANG_ANALYZER_NUMBER_OBJECT_CONVERSION = YES_AGGRESSIVE;
				CLANG_CXX_LANGUAGE_STANDARD = "gnu++14";
				CLANG_CXX_LIBRARY = "libc++";
				CLANG_ENABLE_MODULES = YES;
				CLANG_ENABLE_OBJC_ARC = YES;
				CLANG_ENABLE_OBJC_WEAK = YES;
				CLANG_WARN_BLOCK_CAPTURE_AUTORELEASING = YES;
				CLANG_WARN_BOOL_CONVERSION = YES;
				CLANG_WARN_COMMA = YES;
				CLANG_WARN_CONSTANT_CONVERSION = YES;
				CLANG_WARN_DEPRECATED_OBJC_IMPLEMENTATIONS = YES;
				CLANG_WARN_DIRECT_OBJC_ISA_USAGE = YES_ERROR;
				CLANG_WARN_DOCUMENTATION_COMMENTS = YES;
				CLANG_WARN_EMPTY_BODY = YES;
				CLANG_WARN_ENUM_CONVERSION = YES;
				CLANG_WARN_INFINITE_RECURSION = YES;
				CLANG_WARN_INT_CONVERSION = YES;
				CLANG_WARN_NON_LITERAL_NULL_CONVERSION = YES;
				CLANG_WARN_OBJC_IMPLICIT_RETAIN_SELF = YES;
				CLANG_WARN_OBJC_LITERAL_CONVERSION = YES;
				CLANG_WARN_OBJC_ROOT_CLASS = YES_ERROR;
				CLANG_WARN_QUOTED_INCLUDE_IN_FRAMEWORK_HEADER = YES;
				CLANG_WARN_RANGE_LOOP_ANALYSIS = YES;
				CLANG_WARN_STRICT_PROTOTYPES = YES;
				CLANG_WARN_SUSPICIOUS_MOVE = YES;
				CLANG_WARN_UNGUARDED_AVAILABILITY = YES_AGGRESSIVE;
				CLANG_WARN_UNREACHABLE_CODE = YES;
				CLANG_WARN__DUPLICATE_METHOD_MATCH = YES;
				COPY_PHASE_STRIP = NO;
				DEBUG_INFORMATION_FORMAT = dwarf;
				ENABLE_STRICT_OBJC_MSGSEND = YES;
				ENABLE_TESTABILITY = YES;
				GCC_C_LANGUAGE_STANDARD = gnu11;
				GCC_DYNAMIC_NO_PIC = NO;
				GCC_NO_COMMON_BLOCKS = YES;
				GCC_OPTIMIZATION_LEVEL = 0;
				GCC_PREPROCESSOR_DEFINITIONS = (
					"DEBUG=1",
					"$(inherited)",
				);
				GCC_WARN_64_TO_32_BIT_CONVERSION = YES;
				GCC_WARN_ABOUT_RETURN_TYPE = YES_ERROR;
				GCC_WARN_UNDECLARED_SELECTOR = YES;
				GCC_WARN_UNINITIALIZED_AUTOS = YES_AGGRESSIVE;
				GCC_WARN_UNUSED_FUNCTION = YES;
				GCC_WARN_UNUSED_VARIABLE = YES;
				IPHONEOS_DEPLOYMENT_TARGET = 14.5;
				MTL_ENABLE_DEBUG_INFO = INCLUDE_SOURCE;
				MTL_FAST_MATH = YES;
				ONLY_ACTIVE_ARCH = YES;
				SDKROOT = iphoneos;
				SWIFT_ACTIVE_COMPILATION_CONDITIONS = DEBUG;
				SWIFT_OPTIMIZATION_LEVEL = "-Onone";
			};
			name = Debug;
		};
		DCF314B62655070E003F0245 /* Release */ = {
			isa = XCBuildConfiguration;
			buildSettings = {
				ALWAYS_SEARCH_USER_PATHS = NO;
				CLANG_ANALYZER_NONNULL = YES;
				CLANG_ANALYZER_NUMBER_OBJECT_CONVERSION = YES_AGGRESSIVE;
				CLANG_CXX_LANGUAGE_STANDARD = "gnu++14";
				CLANG_CXX_LIBRARY = "libc++";
				CLANG_ENABLE_MODULES = YES;
				CLANG_ENABLE_OBJC_ARC = YES;
				CLANG_ENABLE_OBJC_WEAK = YES;
				CLANG_WARN_BLOCK_CAPTURE_AUTORELEASING = YES;
				CLANG_WARN_BOOL_CONVERSION = YES;
				CLANG_WARN_COMMA = YES;
				CLANG_WARN_CONSTANT_CONVERSION = YES;
				CLANG_WARN_DEPRECATED_OBJC_IMPLEMENTATIONS = YES;
				CLANG_WARN_DIRECT_OBJC_ISA_USAGE = YES_ERROR;
				CLANG_WARN_DOCUMENTATION_COMMENTS = YES;
				CLANG_WARN_EMPTY_BODY = YES;
				CLANG_WARN_ENUM_CONVERSION = YES;
				CLANG_WARN_INFINITE_RECURSION = YES;
				CLANG_WARN_INT_CONVERSION = YES;
				CLANG_WARN_NON_LITERAL_NULL_CONVERSION = YES;
				CLANG_WARN_OBJC_IMPLICIT_RETAIN_SELF = YES;
				CLANG_WARN_OBJC_LITERAL_CONVERSION = YES;
				CLANG_WARN_OBJC_ROOT_CLASS = YES_ERROR;
				CLANG_WARN_QUOTED_INCLUDE_IN_FRAMEWORK_HEADER = YES;
				CLANG_WARN_RANGE_LOOP_ANALYSIS = YES;
				CLANG_WARN_STRICT_PROTOTYPES = YES;
				CLANG_WARN_SUSPICIOUS_MOVE = YES;
				CLANG_WARN_UNGUARDED_AVAILABILITY = YES_AGGRESSIVE;
				CLANG_WARN_UNREACHABLE_CODE = YES;
				CLANG_WARN__DUPLICATE_METHOD_MATCH = YES;
				COPY_PHASE_STRIP = NO;
				DEBUG_INFORMATION_FORMAT = "dwarf-with-dsym";
				ENABLE_NS_ASSERTIONS = NO;
				ENABLE_STRICT_OBJC_MSGSEND = YES;
				GCC_C_LANGUAGE_STANDARD = gnu11;
				GCC_NO_COMMON_BLOCKS = YES;
				GCC_WARN_64_TO_32_BIT_CONVERSION = YES;
				GCC_WARN_ABOUT_RETURN_TYPE = YES_ERROR;
				GCC_WARN_UNDECLARED_SELECTOR = YES;
				GCC_WARN_UNINITIALIZED_AUTOS = YES_AGGRESSIVE;
				GCC_WARN_UNUSED_FUNCTION = YES;
				GCC_WARN_UNUSED_VARIABLE = YES;
				IPHONEOS_DEPLOYMENT_TARGET = 14.5;
				MTL_ENABLE_DEBUG_INFO = NO;
				MTL_FAST_MATH = YES;
				SDKROOT = iphoneos;
				SWIFT_COMPILATION_MODE = wholemodule;
				SWIFT_OPTIMIZATION_LEVEL = "-O";
				VALIDATE_PRODUCT = YES;
			};
			name = Release;
		};
		DCF314B82655070E003F0245 /* Debug */ = {
			isa = XCBuildConfiguration;
			buildSettings = {
				ASSETCATALOG_COMPILER_APPICON_NAME = AppIcon;
				ASSETCATALOG_COMPILER_GLOBAL_ACCENT_COLOR_NAME = AccentColor;
				CODE_SIGN_STYLE = Automatic;
				DEVELOPMENT_TEAM = GHT34W8Z2W;
				INFOPLIST_FILE = RickAndMorty/Info.plist;
				LD_RUNPATH_SEARCH_PATHS = (
					"$(inherited)",
					"@executable_path/Frameworks",
				);
				PRODUCT_BUNDLE_IDENTIFIER = alex.naymov.RickAndMorty;
				PRODUCT_NAME = "$(TARGET_NAME)";
				SWIFT_VERSION = 5.0;
				TARGETED_DEVICE_FAMILY = "1,2";
			};
			name = Debug;
		};
		DCF314B92655070E003F0245 /* Release */ = {
			isa = XCBuildConfiguration;
			buildSettings = {
				ASSETCATALOG_COMPILER_APPICON_NAME = AppIcon;
				ASSETCATALOG_COMPILER_GLOBAL_ACCENT_COLOR_NAME = AccentColor;
				CODE_SIGN_STYLE = Automatic;
				DEVELOPMENT_TEAM = GHT34W8Z2W;
				INFOPLIST_FILE = RickAndMorty/Info.plist;
				LD_RUNPATH_SEARCH_PATHS = (
					"$(inherited)",
					"@executable_path/Frameworks",
				);
				PRODUCT_BUNDLE_IDENTIFIER = alex.naymov.RickAndMorty;
				PRODUCT_NAME = "$(TARGET_NAME)";
				SWIFT_VERSION = 5.0;
				TARGETED_DEVICE_FAMILY = "1,2";
			};
			name = Release;
		};
		DCF314BB2655070E003F0245 /* Debug */ = {
			isa = XCBuildConfiguration;
			buildSettings = {
				ALWAYS_EMBED_SWIFT_STANDARD_LIBRARIES = YES;
				BUNDLE_LOADER = "$(TEST_HOST)";
				CODE_SIGN_STYLE = Automatic;
				DEVELOPMENT_TEAM = GHT34W8Z2W;
				INFOPLIST_FILE = RickAndMortyTests/Info.plist;
				IPHONEOS_DEPLOYMENT_TARGET = 14.5;
				LD_RUNPATH_SEARCH_PATHS = (
					"$(inherited)",
					"@executable_path/Frameworks",
					"@loader_path/Frameworks",
				);
				PRODUCT_BUNDLE_IDENTIFIER = alex.naymov.RickAndMortyTests;
				PRODUCT_NAME = "$(TARGET_NAME)";
				SWIFT_VERSION = 5.0;
				TARGETED_DEVICE_FAMILY = "1,2";
				TEST_HOST = "$(BUILT_PRODUCTS_DIR)/RickAndMorty.app/RickAndMorty";
			};
			name = Debug;
		};
		DCF314BC2655070E003F0245 /* Release */ = {
			isa = XCBuildConfiguration;
			buildSettings = {
				ALWAYS_EMBED_SWIFT_STANDARD_LIBRARIES = YES;
				BUNDLE_LOADER = "$(TEST_HOST)";
				CODE_SIGN_STYLE = Automatic;
				DEVELOPMENT_TEAM = GHT34W8Z2W;
				INFOPLIST_FILE = RickAndMortyTests/Info.plist;
				IPHONEOS_DEPLOYMENT_TARGET = 14.5;
				LD_RUNPATH_SEARCH_PATHS = (
					"$(inherited)",
					"@executable_path/Frameworks",
					"@loader_path/Frameworks",
				);
				PRODUCT_BUNDLE_IDENTIFIER = alex.naymov.RickAndMortyTests;
				PRODUCT_NAME = "$(TARGET_NAME)";
				SWIFT_VERSION = 5.0;
				TARGETED_DEVICE_FAMILY = "1,2";
				TEST_HOST = "$(BUILT_PRODUCTS_DIR)/RickAndMorty.app/RickAndMorty";
			};
			name = Release;
		};
		DCF314BE2655070E003F0245 /* Debug */ = {
			isa = XCBuildConfiguration;
			buildSettings = {
				ALWAYS_EMBED_SWIFT_STANDARD_LIBRARIES = YES;
				CODE_SIGN_STYLE = Automatic;
				DEVELOPMENT_TEAM = GHT34W8Z2W;
				INFOPLIST_FILE = RickAndMortyUITests/Info.plist;
				LD_RUNPATH_SEARCH_PATHS = (
					"$(inherited)",
					"@executable_path/Frameworks",
					"@loader_path/Frameworks",
				);
				PRODUCT_BUNDLE_IDENTIFIER = alex.naymov.RickAndMortyUITests;
				PRODUCT_NAME = "$(TARGET_NAME)";
				SWIFT_VERSION = 5.0;
				TARGETED_DEVICE_FAMILY = "1,2";
				TEST_TARGET_NAME = RickAndMorty;
			};
			name = Debug;
		};
		DCF314BF2655070E003F0245 /* Release */ = {
			isa = XCBuildConfiguration;
			buildSettings = {
				ALWAYS_EMBED_SWIFT_STANDARD_LIBRARIES = YES;
				CODE_SIGN_STYLE = Automatic;
				DEVELOPMENT_TEAM = GHT34W8Z2W;
				INFOPLIST_FILE = RickAndMortyUITests/Info.plist;
				LD_RUNPATH_SEARCH_PATHS = (
					"$(inherited)",
					"@executable_path/Frameworks",
					"@loader_path/Frameworks",
				);
				PRODUCT_BUNDLE_IDENTIFIER = alex.naymov.RickAndMortyUITests;
				PRODUCT_NAME = "$(TARGET_NAME)";
				SWIFT_VERSION = 5.0;
				TARGETED_DEVICE_FAMILY = "1,2";
				TEST_TARGET_NAME = RickAndMorty;
			};
			name = Release;
		};
/* End XCBuildConfiguration section */

/* Begin XCConfigurationList section */
		DCF3148826550702003F0245 /* Build configuration list for PBXProject "RickAndMorty" */ = {
			isa = XCConfigurationList;
			buildConfigurations = (
				DCF314B52655070E003F0245 /* Debug */,
				DCF314B62655070E003F0245 /* Release */,
			);
			defaultConfigurationIsVisible = 0;
			defaultConfigurationName = Release;
		};
		DCF314B72655070E003F0245 /* Build configuration list for PBXNativeTarget "RickAndMorty" */ = {
			isa = XCConfigurationList;
			buildConfigurations = (
				DCF314B82655070E003F0245 /* Debug */,
				DCF314B92655070E003F0245 /* Release */,
			);
			defaultConfigurationIsVisible = 0;
			defaultConfigurationName = Release;
		};
		DCF314BA2655070E003F0245 /* Build configuration list for PBXNativeTarget "RickAndMortyTests" */ = {
			isa = XCConfigurationList;
			buildConfigurations = (
				DCF314BB2655070E003F0245 /* Debug */,
				DCF314BC2655070E003F0245 /* Release */,
			);
			defaultConfigurationIsVisible = 0;
			defaultConfigurationName = Release;
		};
		DCF314BD2655070E003F0245 /* Build configuration list for PBXNativeTarget "RickAndMortyUITests" */ = {
			isa = XCConfigurationList;
			buildConfigurations = (
				DCF314BE2655070E003F0245 /* Debug */,
				DCF314BF2655070E003F0245 /* Release */,
			);
			defaultConfigurationIsVisible = 0;
			defaultConfigurationName = Release;
		};
/* End XCConfigurationList section */
	};
	rootObject = DCF3148526550702003F0245 /* Project object */;
}
